// !$*UTF8*$!
{
	archiveVersion = 1;
	classes = {
	};
	objectVersion = 50;
	objects = {

/* Begin PBXBuildFile section */
		D64A6A3A262405BE00DE3F3B /* LandmarkRow.swift in Sources */ = {isa = PBXBuildFile; fileRef = D64A6A39262405BE00DE3F3B /* LandmarkRow.swift */; };
		D64A6A3F2624087B00DE3F3B /* LandmarkList.swift in Sources */ = {isa = PBXBuildFile; fileRef = D64A6A3E2624087B00DE3F3B /* LandmarkList.swift */; };
		D64A6A4326240AA300DE3F3B /* LandmarkDetail.swift in Sources */ = {isa = PBXBuildFile; fileRef = D64A6A4226240AA300DE3F3B /* LandmarkDetail.swift */; };
		D64A6A47262757A100DE3F3B /* FavoriteButton.swift in Sources */ = {isa = PBXBuildFile; fileRef = D64A6A46262757A000DE3F3B /* FavoriteButton.swift */; };
		D671A1E2261CC8DF00775935 /* LandmarksAppApp.swift in Sources */ = {isa = PBXBuildFile; fileRef = D671A1E1261CC8DF00775935 /* LandmarksAppApp.swift */; };
		D671A1E4261CC8DF00775935 /* ContentView.swift in Sources */ = {isa = PBXBuildFile; fileRef = D671A1E3261CC8DF00775935 /* ContentView.swift */; };
		D671A1E6261CC8E000775935 /* Assets.xcassets in Resources */ = {isa = PBXBuildFile; fileRef = D671A1E5261CC8E000775935 /* Assets.xcassets */; };
		D671A1E9261CC8E000775935 /* Preview Assets.xcassets in Resources */ = {isa = PBXBuildFile; fileRef = D671A1E8261CC8E000775935 /* Preview Assets.xcassets */; };
		D671A1F2261CD21E00775935 /* CircleImage.swift in Sources */ = {isa = PBXBuildFile; fileRef = D671A1F1261CD21E00775935 /* CircleImage.swift */; };
		D671A1F6261CD3E700775935 /* MapView.swift in Sources */ = {isa = PBXBuildFile; fileRef = D671A1F5261CD3E700775935 /* MapView.swift */; };
		D671A1FA2621746400775935 /* landmarkData.json in Resources */ = {isa = PBXBuildFile; fileRef = D671A1F92621746400775935 /* landmarkData.json */; };
		D671A1FD2621749D00775935 /* Landmark.swift in Sources */ = {isa = PBXBuildFile; fileRef = D671A1FC2621749D00775935 /* Landmark.swift */; };
		D671A2042621792800775935 /* ModelData.swift in Sources */ = {isa = PBXBuildFile; fileRef = D671A2032621792800775935 /* ModelData.swift */; };
/* End PBXBuildFile section */

/* Begin PBXFileReference section */
		D64A6A39262405BE00DE3F3B /* LandmarkRow.swift */ = {isa = PBXFileReference; lastKnownFileType = sourcecode.swift; path = LandmarkRow.swift; sourceTree = "<group>"; };
		D64A6A3E2624087B00DE3F3B /* LandmarkList.swift */ = {isa = PBXFileReference; lastKnownFileType = sourcecode.swift; path = LandmarkList.swift; sourceTree = "<group>"; };
		D64A6A4226240AA300DE3F3B /* LandmarkDetail.swift */ = {isa = PBXFileReference; lastKnownFileType = sourcecode.swift; path = LandmarkDetail.swift; sourceTree = "<group>"; };
		D64A6A46262757A000DE3F3B /* FavoriteButton.swift */ = {isa = PBXFileReference; lastKnownFileType = sourcecode.swift; path = FavoriteButton.swift; sourceTree = "<group>"; };
		D671A1DE261CC8DF00775935 /* LandmarksApp.app */ = {isa = PBXFileReference; explicitFileType = wrapper.application; includeInIndex = 0; path = LandmarksApp.app; sourceTree = BUILT_PRODUCTS_DIR; };
		D671A1E1261CC8DF00775935 /* LandmarksAppApp.swift */ = {isa = PBXFileReference; lastKnownFileType = sourcecode.swift; path = LandmarksAppApp.swift; sourceTree = "<group>"; };
		D671A1E3261CC8DF00775935 /* ContentView.swift */ = {isa = PBXFileReference; lastKnownFileType = sourcecode.swift; path = ContentView.swift; sourceTree = "<group>"; };
		D671A1E5261CC8E000775935 /* Assets.xcassets */ = {isa = PBXFileReference; lastKnownFileType = folder.assetcatalog; path = Assets.xcassets; sourceTree = "<group>"; };
		D671A1E8261CC8E000775935 /* Preview Assets.xcassets */ = {isa = PBXFileReference; lastKnownFileType = folder.assetcatalog; path = "Preview Assets.xcassets"; sourceTree = "<group>"; };
		D671A1EA261CC8E000775935 /* Info.plist */ = {isa = PBXFileReference; lastKnownFileType = text.plist.xml; path = Info.plist; sourceTree = "<group>"; };
		D671A1F1261CD21E00775935 /* CircleImage.swift */ = {isa = PBXFileReference; lastKnownFileType = sourcecode.swift; path = CircleImage.swift; sourceTree = "<group>"; };
		D671A1F5261CD3E700775935 /* MapView.swift */ = {isa = PBXFileReference; lastKnownFileType = sourcecode.swift; path = MapView.swift; sourceTree = "<group>"; };
		D671A1F92621746400775935 /* landmarkData.json */ = {isa = PBXFileReference; fileEncoding = 4; lastKnownFileType = text.json; path = landmarkData.json; sourceTree = "<group>"; };
		D671A1FC2621749D00775935 /* Landmark.swift */ = {isa = PBXFileReference; lastKnownFileType = sourcecode.swift; path = Landmark.swift; sourceTree = "<group>"; };
		D671A2032621792800775935 /* ModelData.swift */ = {isa = PBXFileReference; lastKnownFileType = sourcecode.swift; path = ModelData.swift; sourceTree = "<group>"; };
/* End PBXFileReference section */

/* Begin PBXFrameworksBuildPhase section */
		D671A1DB261CC8DF00775935 /* Frameworks */ = {
			isa = PBXFrameworksBuildPhase;
			buildActionMask = 2147483647;
			files = (
			);
			runOnlyForDeploymentPostprocessing = 0;
		};
/* End PBXFrameworksBuildPhase section */

/* Begin PBXGroup section */
		D64A6A492627593900DE3F3B /* Helpers */ = {
			isa = PBXGroup;
			children = (
				D671A1F1261CD21E00775935 /* CircleImage.swift */,
				D64A6A46262757A000DE3F3B /* FavoriteButton.swift */,
				D64A6A39262405BE00DE3F3B /* LandmarkRow.swift */,
			);
			path = Helpers;
			sourceTree = "<group>";
		};
		D64A6A4C2627598000DE3F3B /* Landmarks */ = {
			isa = PBXGroup;
			children = (
				D671A1F5261CD3E700775935 /* MapView.swift */,
				D64A6A3E2624087B00DE3F3B /* LandmarkList.swift */,
				D64A6A4226240AA300DE3F3B /* LandmarkDetail.swift */,
			);
			path = Landmarks;
			sourceTree = "<group>";
		};
		D671A1D5261CC8DF00775935 = {
			isa = PBXGroup;
			children = (
				D671A1E0261CC8DF00775935 /* LandmarksApp */,
				D671A1DF261CC8DF00775935 /* Products */,
			);
			sourceTree = "<group>";
		};
		D671A1DF261CC8DF00775935 /* Products */ = {
			isa = PBXGroup;
			children = (
				D671A1DE261CC8DF00775935 /* LandmarksApp.app */,
			);
			name = Products;
			sourceTree = "<group>";
		};
		D671A1E0261CC8DF00775935 /* LandmarksApp */ = {
			isa = PBXGroup;
			children = (
				D671A1E1261CC8DF00775935 /* LandmarksAppApp.swift */,
				D671A208262182F300775935 /* Model */,
				D671A207262182ED00775935 /* View */,
				D671A209262182F800775935 /* Resources */,
				D671A1E5261CC8E000775935 /* Assets.xcassets */,
				D671A1EA261CC8E000775935 /* Info.plist */,
				D671A1E7261CC8E000775935 /* Preview Content */,
			);
			path = LandmarksApp;
			sourceTree = "<group>";
		};
		D671A1E7261CC8E000775935 /* Preview Content */ = {
			isa = PBXGroup;
			children = (
				D671A1E8261CC8E000775935 /* Preview Assets.xcassets */,
			);
			path = "Preview Content";
			sourceTree = "<group>";
		};
		D671A207262182ED00775935 /* View */ = {
			isa = PBXGroup;
			children = (
				D671A1E3261CC8DF00775935 /* ContentView.swift */,
				D64A6A4C2627598000DE3F3B /* Landmarks */,
				D64A6A492627593900DE3F3B /* Helpers */,
			);
			path = View;
			sourceTree = "<group>";
		};
		D671A208262182F300775935 /* Model */ = {
			isa = PBXGroup;
			children = (
				D671A1FC2621749D00775935 /* Landmark.swift */,
				D671A2032621792800775935 /* ModelData.swift */,
			);
			path = Model;
			sourceTree = "<group>";
		};
		D671A209262182F800775935 /* Resources */ = {
			isa = PBXGroup;
			children = (
				D671A1F92621746400775935 /* landmarkData.json */,
			);
			path = Resources;
			sourceTree = "<group>";
		};
/* End PBXGroup section */

/* Begin PBXNativeTarget section */
		D671A1DD261CC8DF00775935 /* LandmarksApp */ = {
			isa = PBXNativeTarget;
			buildConfigurationList = D671A1ED261CC8E000775935 /* Build configuration list for PBXNativeTarget "LandmarksApp" */;
			buildPhases = (
				D671A1DA261CC8DF00775935 /* Sources */,
				D671A1DB261CC8DF00775935 /* Frameworks */,
				D671A1DC261CC8DF00775935 /* Resources */,
			);
			buildRules = (
			);
			dependencies = (
			);
			name = LandmarksApp;
			productName = LandmarksApp;
			productReference = D671A1DE261CC8DF00775935 /* LandmarksApp.app */;
			productType = "com.apple.product-type.application";
		};
/* End PBXNativeTarget section */

/* Begin PBXProject section */
		D671A1D6261CC8DF00775935 /* Project object */ = {
			isa = PBXProject;
			attributes = {
				LastSwiftUpdateCheck = 1240;
				LastUpgradeCheck = 1240;
				TargetAttributes = {
					D671A1DD261CC8DF00775935 = {
						CreatedOnToolsVersion = 12.4;
					};
				};
			};
			buildConfigurationList = D671A1D9261CC8DF00775935 /* Build configuration list for PBXProject "LandmarksApp" */;
			compatibilityVersion = "Xcode 9.3";
			developmentRegion = en;
			hasScannedForEncodings = 0;
			knownRegions = (
				en,
				Base,
			);
			mainGroup = D671A1D5261CC8DF00775935;
			productRefGroup = D671A1DF261CC8DF00775935 /* Products */;
			projectDirPath = "";
			projectRoot = "";
			targets = (
				D671A1DD261CC8DF00775935 /* LandmarksApp */,
			);
		};
/* End PBXProject section */

/* Begin PBXResourcesBuildPhase section */
		D671A1DC261CC8DF00775935 /* Resources */ = {
			isa = PBXResourcesBuildPhase;
			buildActionMask = 2147483647;
			files = (
				D671A1E9261CC8E000775935 /* Preview Assets.xcassets in Resources */,
				D671A1E6261CC8E000775935 /* Assets.xcassets in Resources */,
				D671A1FA2621746400775935 /* landmarkData.json in Resources */,
			);
			runOnlyForDeploymentPostprocessing = 0;
		};
/* End PBXResourcesBuildPhase section */

/* Begin PBXSourcesBuildPhase section */
		D671A1DA261CC8DF00775935 /* Sources */ = {
			isa = PBXSourcesBuildPhase;
			buildActionMask = 2147483647;
			files = (
				D671A1E4261CC8DF00775935 /* ContentView.swift in Sources */,
				D671A1F6261CD3E700775935 /* MapView.swift in Sources */,
				D671A1E2261CC8DF00775935 /* LandmarksAppApp.swift in Sources */,
				D64A6A47262757A100DE3F3B /* FavoriteButton.swift in Sources */,
				D64A6A3F2624087B00DE3F3B /* LandmarkList.swift in Sources */,
				D64A6A4326240AA300DE3F3B /* LandmarkDetail.swift in Sources */,
				D671A1FD2621749D00775935 /* Landmark.swift in Sources */,
				D671A1F2261CD21E00775935 /* CircleImage.swift in Sources */,
				D671A2042621792800775935 /* ModelData.swift in Sources */,
				D64A6A3A262405BE00DE3F3B /* LandmarkRow.swift in Sources */,
			);
			runOnlyForDeploymentPostprocessing = 0;
		};
/* End PBXSourcesBuildPhase section */

/* Begin XCBuildConfiguration section */
		D671A1EB261CC8E000775935 /* Debug */ = {
			isa = XCBuildConfiguration;
			buildSettings = {
				ALWAYS_SEARCH_USER_PATHS = NO;
				CLANG_ANALYZER_NONNULL = YES;
				CLANG_ANALYZER_NUMBER_OBJECT_CONVERSION = YES_AGGRESSIVE;
				CLANG_CXX_LANGUAGE_STANDARD = "gnu++14";
				CLANG_CXX_LIBRARY = "libc++";
				CLANG_ENABLE_MODULES = YES;
				CLANG_ENABLE_OBJC_ARC = YES;
				CLANG_ENABLE_OBJC_WEAK = YES;
				CLANG_WARN_BLOCK_CAPTURE_AUTORELEASING = YES;
				CLANG_WARN_BOOL_CONVERSION = YES;
				CLANG_WARN_COMMA = YES;
				CLANG_WARN_CONSTANT_CONVERSION = YES;
				CLANG_WARN_DEPRECATED_OBJC_IMPLEMENTATIONS = YES;
				CLANG_WARN_DIRECT_OBJC_ISA_USAGE = YES_ERROR;
				CLANG_WARN_DOCUMENTATION_COMMENTS = YES;
				CLANG_WARN_EMPTY_BODY = YES;
				CLANG_WARN_ENUM_CONVERSION = YES;
				CLANG_WARN_INFINITE_RECURSION = YES;
				CLANG_WARN_INT_CONVERSION = YES;
				CLANG_WARN_NON_LITERAL_NULL_CONVERSION = YES;
				CLANG_WARN_OBJC_IMPLICIT_RETAIN_SELF = YES;
				CLANG_WARN_OBJC_LITERAL_CONVERSION = YES;
				CLANG_WARN_OBJC_ROOT_CLASS = YES_ERROR;
				CLANG_WARN_QUOTED_INCLUDE_IN_FRAMEWORK_HEADER = YES;
				CLANG_WARN_RANGE_LOOP_ANALYSIS = YES;
				CLANG_WARN_STRICT_PROTOTYPES = YES;
				CLANG_WARN_SUSPICIOUS_MOVE = YES;
				CLANG_WARN_UNGUARDED_AVAILABILITY = YES_AGGRESSIVE;
				CLANG_WARN_UNREACHABLE_CODE = YES;
				CLANG_WARN__DUPLICATE_METHOD_MATCH = YES;
				COPY_PHASE_STRIP = NO;
				DEBUG_INFORMATION_FORMAT = dwarf;
				ENABLE_STRICT_OBJC_MSGSEND = YES;
				ENABLE_TESTABILITY = YES;
				GCC_C_LANGUAGE_STANDARD = gnu11;
				GCC_DYNAMIC_NO_PIC = NO;
				GCC_NO_COMMON_BLOCKS = YES;
				GCC_OPTIMIZATION_LEVEL = 0;
				GCC_PREPROCESSOR_DEFINITIONS = (
					"DEBUG=1",
					"$(inherited)",
				);
				GCC_WARN_64_TO_32_BIT_CONVERSION = YES;
				GCC_WARN_ABOUT_RETURN_TYPE = YES_ERROR;
				GCC_WARN_UNDECLARED_SELECTOR = YES;
				GCC_WARN_UNINITIALIZED_AUTOS = YES_AGGRESSIVE;
				GCC_WARN_UNUSED_FUNCTION = YES;
				GCC_WARN_UNUSED_VARIABLE = YES;
				IPHONEOS_DEPLOYMENT_TARGET = 14.4;
				MTL_ENABLE_DEBUG_INFO = INCLUDE_SOURCE;
				MTL_FAST_MATH = YES;
				ONLY_ACTIVE_ARCH = YES;
				SDKROOT = iphoneos;
				SWIFT_ACTIVE_COMPILATION_CONDITIONS = DEBUG;
				SWIFT_OPTIMIZATION_LEVEL = "-Onone";
			};
			name = Debug;
		};
		D671A1EC261CC8E000775935 /* Release */ = {
			isa = XCBuildConfiguration;
			buildSettings = {
				ALWAYS_SEARCH_USER_PATHS = NO;
				CLANG_ANALYZER_NONNULL = YES;
				CLANG_ANALYZER_NUMBER_OBJECT_CONVERSION = YES_AGGRESSIVE;
				CLANG_CXX_LANGUAGE_STANDARD = "gnu++14";
				CLANG_CXX_LIBRARY = "libc++";
				CLANG_ENABLE_MODULES = YES;
				CLANG_ENABLE_OBJC_ARC = YES;
				CLANG_ENABLE_OBJC_WEAK = YES;
				CLANG_WARN_BLOCK_CAPTURE_AUTORELEASING = YES;
				CLANG_WARN_BOOL_CONVERSION = YES;
				CLANG_WARN_COMMA = YES;
				CLANG_WARN_CONSTANT_CONVERSION = YES;
				CLANG_WARN_DEPRECATED_OBJC_IMPLEMENTATIONS = YES;
				CLANG_WARN_DIRECT_OBJC_ISA_USAGE = YES_ERROR;
				CLANG_WARN_DOCUMENTATION_COMMENTS = YES;
				CLANG_WARN_EMPTY_BODY = YES;
				CLANG_WARN_ENUM_CONVERSION = YES;
				CLANG_WARN_INFINITE_RECURSION = YES;
				CLANG_WARN_INT_CONVERSION = YES;
				CLANG_WARN_NON_LITERAL_NULL_CONVERSION = YES;
				CLANG_WARN_OBJC_IMPLICIT_RETAIN_SELF = YES;
				CLANG_WARN_OBJC_LITERAL_CONVERSION = YES;
				CLANG_WARN_OBJC_ROOT_CLASS = YES_ERROR;
				CLANG_WARN_QUOTED_INCLUDE_IN_FRAMEWORK_HEADER = YES;
				CLANG_WARN_RANGE_LOOP_ANALYSIS = YES;
				CLANG_WARN_STRICT_PROTOTYPES = YES;
				CLANG_WARN_SUSPICIOUS_MOVE = YES;
				CLANG_WARN_UNGUARDED_AVAILABILITY = YES_AGGRESSIVE;
				CLANG_WARN_UNREACHABLE_CODE = YES;
				CLANG_WARN__DUPLICATE_METHOD_MATCH = YES;
				COPY_PHASE_STRIP = NO;
				DEBUG_INFORMATION_FORMAT = "dwarf-with-dsym";
				ENABLE_NS_ASSERTIONS = NO;
				ENABLE_STRICT_OBJC_MSGSEND = YES;
				GCC_C_LANGUAGE_STANDARD = gnu11;
				GCC_NO_COMMON_BLOCKS = YES;
				GCC_WARN_64_TO_32_BIT_CONVERSION = YES;
				GCC_WARN_ABOUT_RETURN_TYPE = YES_ERROR;
				GCC_WARN_UNDECLARED_SELECTOR = YES;
				GCC_WARN_UNINITIALIZED_AUTOS = YES_AGGRESSIVE;
				GCC_WARN_UNUSED_FUNCTION = YES;
				GCC_WARN_UNUSED_VARIABLE = YES;
				IPHONEOS_DEPLOYMENT_TARGET = 14.4;
				MTL_ENABLE_DEBUG_INFO = NO;
				MTL_FAST_MATH = YES;
				SDKROOT = iphoneos;
				SWIFT_COMPILATION_MODE = wholemodule;
				SWIFT_OPTIMIZATION_LEVEL = "-O";
				VALIDATE_PRODUCT = YES;
			};
			name = Release;
		};
		D671A1EE261CC8E000775935 /* Debug */ = {
			isa = XCBuildConfiguration;
			buildSettings = {
				ASSETCATALOG_COMPILER_APPICON_NAME = AppIcon;
				ASSETCATALOG_COMPILER_GLOBAL_ACCENT_COLOR_NAME = AccentColor;
				CODE_SIGN_STYLE = Automatic;
				DEVELOPMENT_ASSET_PATHS = "\"LandmarksApp/Preview Content\"";
				DEVELOPMENT_TEAM = 5F3T78YFZV;
				ENABLE_PREVIEWS = YES;
				INFOPLIST_FILE = LandmarksApp/Info.plist;
				IPHONEOS_DEPLOYMENT_TARGET = 14.0;
				LD_RUNPATH_SEARCH_PATHS = (
					"$(inherited)",
					"@executable_path/Frameworks",
				);
				PRODUCT_BUNDLE_IDENTIFIER = com.jaeschketomasz.LandmarksApp;
				PRODUCT_NAME = "$(TARGET_NAME)";
				SWIFT_VERSION = 5.0;
				TARGETED_DEVICE_FAMILY = "1,2";
			};
			name = Debug;
		};
		D671A1EF261CC8E000775935 /* Release */ = {
			isa = XCBuildConfiguration;
			buildSettings = {
				ASSETCATALOG_COMPILER_APPICON_NAME = AppIcon;
				ASSETCATALOG_COMPILER_GLOBAL_ACCENT_COLOR_NAME = AccentColor;
				CODE_SIGN_STYLE = Automatic;
				DEVELOPMENT_ASSET_PATHS = "\"LandmarksApp/Preview Content\"";
				DEVELOPMENT_TEAM = 5F3T78YFZV;
				ENABLE_PREVIEWS = YES;
				INFOPLIST_FILE = LandmarksApp/Info.plist;
				IPHONEOS_DEPLOYMENT_TARGET = 14.0;
				LD_RUNPATH_SEARCH_PATHS = (
					"$(inherited)",
					"@executable_path/Frameworks",
				);
				PRODUCT_BUNDLE_IDENTIFIER = com.jaeschketomasz.LandmarksApp;
				PRODUCT_NAME = "$(TARGET_NAME)";
				SWIFT_VERSION = 5.0;
				TARGETED_DEVICE_FAMILY = "1,2";
			};
			name = Release;
		};
/* End XCBuildConfiguration section */

/* Begin XCConfigurationList section */
		D671A1D9261CC8DF00775935 /* Build configuration list for PBXProject "LandmarksApp" */ = {
			isa = XCConfigurationList;
			buildConfigurations = (
				D671A1EB261CC8E000775935 /* Debug */,
				D671A1EC261CC8E000775935 /* Release */,
			);
			defaultConfigurationIsVisible = 0;
			defaultConfigurationName = Release;
		};
		D671A1ED261CC8E000775935 /* Build configuration list for PBXNativeTarget "LandmarksApp" */ = {
			isa = XCConfigurationList;
			buildConfigurations = (
				D671A1EE261CC8E000775935 /* Debug */,
				D671A1EF261CC8E000775935 /* Release */,
			);
			defaultConfigurationIsVisible = 0;
			defaultConfigurationName = Release;
		};
/* End XCConfigurationList section */
	};
	rootObject = D671A1D6261CC8DF00775935 /* Project object */;
}
